
Microsoft Visual Studio Solution File, Format Version 12.00
# Visual Studio Version 17
VisualStudioVersion = 17.5.33530.505
MinimumVisualStudioVersion = 10.0.40219.1
Project("{9A19103F-16F7-4668-BE54-9A1E7A4F7556}") = "Zhaoxi.Manage.MentApi", "Zhaoxi.Manage.MentApi\Zhaoxi.Manage.MentApi.csproj", "{B6159BCA-8AB7-4176-AD8A-89210367AAC9}"
EndProject
Project("{9A19103F-16F7-4668-BE54-9A1E7A4F7556}") = "Zhaoxi.Manage.Models", "Zhaoxi.Manage.Models\Zhaoxi.Manage.Models.csproj", "{3A8FE478-6B00-4D98-BFE3-183BBB155311}"
EndProject
Project("{9A19103F-16F7-4668-BE54-9A1E7A4F7556}") = "Zhaoxi.Manage.Core", "Zhaoxi.Manage.Core\Zhaoxi.Manage.Core.csproj", "{5EA019E3-A8F4-40C7-8E12-70612215276A}"
EndProject
Project("{9A19103F-16F7-4668-BE54-9A1E7A4F7556}") = "Zhaoxi.Manage.BusinessInterface", "Zhaoxi.Manage.BusinessInterface\Zhaoxi.Manage.BusinessInterface.csproj", "{84B7D82E-F8A5-4E2A-AC96-0AF17DF3D329}"
EndProject
Project("{9A19103F-16F7-4668-BE54-9A1E7A4F7556}") = "Zhaoxi.Manage.BusinessService", "Zhaoxi.Manage.BusinessService\Zhaoxi.Manage.BusinessService.csproj", "{0CEEE6AA-8ABE-480A-98FC-3A502E48D74F}"
EndProject
Project("{9A19103F-16F7-4668-BE54-9A1E7A4F7556}") = "Zhaoxi.Manage.Common", "Zhaoxi.Manage.Common\Zhaoxi.Manage.Common.csproj", "{1926B36B-AC83-4740-B669-6AE568D37F49}"
EndProject
Project("{FAE04EC0-301F-11D3-BF4B-00C04F79EFBC}") = "Zhaoxi.Manage.Models.DTO", "Zhaoxi.Manage.Models.DTO\Zhaoxi.Manage.Models.DTO.csproj", "{27690E48-300C-4112-8084-2223EE7D2BF7}"
EndProject
Global
	GlobalSection(SolutionConfigurationPlatforms) = preSolution
		Debug|Any CPU = Debug|Any CPU
		Release|Any CPU = Release|Any CPU
	EndGlobalSection
	GlobalSection(ProjectConfigurationPlatforms) = postSolution
		{B6159BCA-8AB7-4176-AD8A-89210367AAC9}.Debug|Any CPU.ActiveCfg = Debug|Any CPU
		{B6159BCA-8AB7-4176-AD8A-89210367AAC9}.Debug|Any CPU.Build.0 = Debug|Any CPU
		{B6159BCA-8AB7-4176-AD8A-89210367AAC9}.Release|Any CPU.ActiveCfg = Release|Any CPU
		{B6159BCA-8AB7-4176-AD8A-89210367AAC9}.Release|Any CPU.Build.0 = Release|Any CPU
		{3A8FE478-6B00-4D98-BFE3-183BBB155311}.Debug|Any CPU.ActiveCfg = Debug|Any CPU
		{3A8FE478-6B00-4D98-BFE3-183BBB155311}.Debug|Any CPU.Build.0 = Debug|Any CPU
		{3A8FE478-6B00-4D98-BFE3-183BBB155311}.Release|Any CPU.ActiveCfg = Release|Any CPU
		{3A8FE478-6B00-4D98-BFE3-183BBB155311}.Release|Any CPU.Build.0 = Release|Any CPU
		{5EA019E3-A8F4-40C7-8E12-70612215276A}.Debug|Any CPU.ActiveCfg = Debug|Any CPU
		{5EA019E3-A8F4-40C7-8E12-70612215276A}.Debug|Any CPU.Build.0 = Debug|Any CPU
		{5EA019E3-A8F4-40C7-8E12-70612215276A}.Release|Any CPU.ActiveCfg = Release|Any CPU
		{5EA019E3-A8F4-40C7-8E12-70612215276A}.Release|Any CPU.Build.0 = Release|Any CPU
		{84B7D82E-F8A5-4E2A-AC96-0AF17DF3D329}.Debug|Any CPU.ActiveCfg = Debug|Any CPU
		{84B7D82E-F8A5-4E2A-AC96-0AF17DF3D329}.Debug|Any CPU.Build.0 = Debug|Any CPU
		{84B7D82E-F8A5-4E2A-AC96-0AF17DF3D329}.Release|Any CPU.ActiveCfg = Release|Any CPU
		{84B7D82E-F8A5-4E2A-AC96-0AF17DF3D329}.Release|Any CPU.Build.0 = Release|Any CPU
		{0CEEE6AA-8ABE-480A-98FC-3A502E48D74F}.Debug|Any CPU.ActiveCfg = Debug|Any CPU
		{0CEEE6AA-8ABE-480A-98FC-3A502E48D74F}.Debug|Any CPU.Build.0 = Debug|Any CPU
		{0CEEE6AA-8ABE-480A-98FC-3A502E48D74F}.Release|Any CPU.ActiveCfg = Release|Any CPU
		{0CEEE6AA-8ABE-480A-98FC-3A502E48D74F}.Release|Any CPU.Build.0 = Release|Any CPU
		{1926B36B-AC83-4740-B669-6AE568D37F49}.Debug|Any CPU.ActiveCfg = Debug|Any CPU
		{1926B36B-AC83-4740-B669-6AE568D37F49}.Debug|Any CPU.Build.0 = Debug|Any CPU
		{1926B36B-AC83-4740-B669-6AE568D37F49}.Release|Any CPU.ActiveCfg = Release|Any CPU
		{1926B36B-AC83-4740-B669-6AE568D37F49}.Release|Any CPU.Build.0 = Release|Any CPU
		{27690E48-300C-4112-8084-2223EE7D2BF7}.Debug|Any CPU.ActiveCfg = Debug|Any CPU
		{27690E48-300C-4112-8084-2223EE7D2BF7}.Debug|Any CPU.Build.0 = Debug|Any CPU
		{27690E48-300C-4112-8084-2223EE7D2BF7}.Release|Any CPU.ActiveCfg = Release|Any CPU
		{27690E48-300C-4112-8084-2223EE7D2BF7}.Release|Any CPU.Build.0 = Release|Any CPU
	EndGlobalSection
	GlobalSection(SolutionProperties) = preSolution
		HideSolutionNode = FALSE
	EndGlobalSection
	GlobalSection(ExtensibilityGlobals) = postSolution
		SolutionGuid = {CCA6C58B-8C67-488D-B242-F7DB542E4929}
	EndGlobalSection
EndGlobal
