
Microsoft Visual Studio Solution File, Format Version 12.00
# Visual Studio Version 17
VisualStudioVersion = 17.5.33530.505
MinimumVisualStudioVersion = 10.0.40219.1
Project("{FAE04EC0-301F-11D3-BF4B-00C04F79EFBC}") = "Zhaoxi.Manage.MentApi", "Zhaoxi.Manage.MentApi\Zhaoxi.Manage.MentApi.csproj", "{B6159BCA-8AB7-4176-AD8A-89210367AAC9}"
EndProject
Global
	GlobalSection(SolutionConfigurationPlatforms) = preSolution
		Debug|Any CPU = Debug|Any CPU
		Release|Any CPU = Release|Any CPU
	EndGlobalSection
	GlobalSection(ProjectConfigurationPlatforms) = postSolution
		{B6159BCA-8AB7-4176-AD8A-89210367AAC9}.Debug|Any CPU.ActiveCfg = Debug|Any CPU
		{B6159BCA-8AB7-4176-AD8A-89210367AAC9}.Debug|Any CPU.Build.0 = Debug|Any CPU
		{B6159BCA-8AB7-4176-AD8A-89210367AAC9}.Release|Any CPU.ActiveCfg = Release|Any CPU
		{B6159BCA-8AB7-4176-AD8A-89210367AAC9}.Release|Any CPU.Build.0 = Release|Any CPU
	EndGlobalSection
	GlobalSection(SolutionProperties) = preSolution
		HideSolutionNode = FALSE
	EndGlobalSection
	GlobalSection(ExtensibilityGlobals) = postSolution
		SolutionGuid = {CCA6C58B-8C67-488D-B242-F7DB542E4929}
	EndGlobalSection
EndGlobal
